<?xml version="1.0" encoding="utf-8"?>
<Project ToolsVersion="4.0" xmlns="http://schemas.microsoft.com/developer/msbuild/2003">
  <ItemGroup>
    <Filter Include="Source">
      <UniqueIdentifier>{4FC737F1-C7A5-4376-A066-2A32D752A2FF}</UniqueIdentifier>
      <Extensions>cpp;c;cc;cxx;def;odl;idl;hpj;bat;asm;asmx</Extensions>
    </Filter>
  </ItemGroup>
  <ItemGroup>
    <ClCompile Include="Source\dspPdw.cpp">
      <Filter>Source</Filter>
    </ClCompile>
    <ClCompile Include="Source\dspPdwSequence.cpp">
      <Filter>Source</Filter>
    </ClCompile>
    <ClCompile Include="Source\dspSample.cpp">
      <Filter>Source</Filter>
    </ClCompile>
    <ClCompile Include="Source\dspSignal.cpp">
      <Filter>Source</Filter>
    </ClCompile>
    <ClCompile Include="Source\dspStatistics.cpp">
      <Filter>Source</Filter>
    </ClCompile>
    <ClCompile Include="Source\dspPdwFreeList.cpp">
      <Filter>Source</Filter>
    </ClCompile>
    <ClCompile Include="Source\dspPdwTextFile.cpp">
      <Filter>Source</Filter>
    </ClCompile>
    <ClCompile Include="Source\dspFilterAlpha.cpp">
      <Filter>Source</Filter>
    </ClCompile>
    <ClCompile Include="Source\dspFilterFilters.cpp">
      <Filter>Source</Filter>
    </ClCompile>
    <ClCompile Include="Source\dspRVector.cpp">
      <Filter>Source</Filter>
    </ClCompile>
    <ClCompile Include="Source\dspFilterStatistics.cpp">
      <Filter>Source</Filter>
    </ClCompile>
    <ClCompile Include="Source\dspLut.cpp">
      <Filter>Source</Filter>
    </ClCompile>
    <ClCompile Include="Source\dspTextFile.cpp">
      <Filter>Source</Filter>
    </ClCompile>
    <ClCompile Include="Source\dsp_functions.cpp">
      <Filter>Source</Filter>
    </ClCompile>
    <ClCompile Include="Source\dspSignalGen.cpp">
      <Filter>Source</Filter>
    </ClCompile>
    <ClCompile Include="Source\dspSignalSource.cpp">
      <Filter>Source</Filter>
    </ClCompile>
    <ClCompile Include="Source\dspThreeMatrix.cpp">
      <Filter>Source</Filter>
    </ClCompile>
    <ClCompile Include="Source\dspThreeVector.cpp">
      <Filter>Source</Filter>
    </ClCompile>
    <ClCompile Include="Source\dspTimeSeriesTIme.cpp">
      <Filter>Source</Filter>
    </ClCompile>
    <ClCompile Include="Source\dspTimeSeriesLPGN.cpp">
      <Filter>Source</Filter>
    </ClCompile>
    <ClCompile Include="Source\dspTimeSeriesHarmonic.cpp">
      <Filter>Source</Filter>
    </ClCompile>
    <ClCompile Include="Source\dspTimeSeriesBase.cpp">
      <Filter>Source</Filter>
    </ClCompile>
    <ClCompile Include="Source\dspTimeSeriesBaseGN.cpp">
      <Filter>Source</Filter>
    </ClCompile>
    <ClCompile Include="Source\dspTimeSeriesFilteredGN.cpp">
      <Filter>Source</Filter>
    </ClCompile>
    <ClCompile Include="Source\dspButterworthCo.cpp">
      <Filter>Source</Filter>
    </ClCompile>
    <ClCompile Include="Source\dspFilterButterworth.cpp">
      <Filter>Source</Filter>
    </ClCompile>
    <ClCompile Include="Source\dspFilterAlphaSS.cpp">
      <Filter>Source</Filter>
    </ClCompile>
  </ItemGroup>
  <ItemGroup>
    <ClInclude Include="Source\dspPdw.h">
      <Filter>Source</Filter>
    </ClInclude>
    <ClInclude Include="Source\dspPdwSequence.h">
      <Filter>Source</Filter>
    </ClInclude>
    <ClInclude Include="Source\dspSample.h">
      <Filter>Source</Filter>
    </ClInclude>
    <ClInclude Include="Source\dspSignal.h">
      <Filter>Source</Filter>
    </ClInclude>
    <ClInclude Include="Source\dspStatistics.h">
      <Filter>Source</Filter>
    </ClInclude>
    <ClInclude Include="Source\dspPdwFreeList.h">
      <Filter>Source</Filter>
    </ClInclude>
    <ClInclude Include="Source\dspPdwTextFile.h">
      <Filter>Source</Filter>
    </ClInclude>
    <ClInclude Include="Source\dspFilterAlpha.h">
      <Filter>Source</Filter>
    </ClInclude>
    <ClInclude Include="Source\dspFilterFilters.h">
      <Filter>Source</Filter>
    </ClInclude>
    <ClInclude Include="Source\dspRVector.h">
      <Filter>Source</Filter>
    </ClInclude>
    <ClInclude Include="Source\dspFilterStatistics.h">
      <Filter>Source</Filter>
    </ClInclude>
    <ClInclude Include="Source\dspLut.h">
      <Filter>Source</Filter>
    </ClInclude>
    <ClInclude Include="Source\dspTextFile.h">
      <Filter>Source</Filter>
    </ClInclude>
    <ClInclude Include="Source\dsp_functions.h">
      <Filter>Source</Filter>
    </ClInclude>
    <ClInclude Include="Source\dspSignalGen.h">
      <Filter>Source</Filter>
    </ClInclude>
    <ClInclude Include="Source\dspSignalSource.h">
      <Filter>Source</Filter>
    </ClInclude>
    <ClInclude Include="Source\dspThreeMatrix.h">
      <Filter>Source</Filter>
    </ClInclude>
    <ClInclude Include="Source\dspThreeVector.h">
      <Filter>Source</Filter>
    </ClInclude>
    <ClInclude Include="Source\dspThreeMath.h">
      <Filter>Source</Filter>
    </ClInclude>
    <ClInclude Include="Source\dspTimeSeriesTIme.h">
      <Filter>Source</Filter>
    </ClInclude>
    <ClInclude Include="Source\dspTimeSeriesLPGN.h">
      <Filter>Source</Filter>
    </ClInclude>
    <ClInclude Include="Source\dsp_math.h">
      <Filter>Source</Filter>
    </ClInclude>
    <ClInclude Include="Source\dspTimeSeriesHarmonic.h">
      <Filter>Source</Filter>
    </ClInclude>
    <ClInclude Include="Source\dspTimeSeriesBase.h">
      <Filter>Source</Filter>
    </ClInclude>
    <ClInclude Include="Source\dspTimeSeriesBaseGN.h">
      <Filter>Source</Filter>
    </ClInclude>
    <ClInclude Include="Source\dspTimeSeriesFilteredGN.h">
      <Filter>Source</Filter>
    </ClInclude>
    <ClInclude Include="Source\dspButterworthCo.h">
      <Filter>Source</Filter>
    </ClInclude>
    <ClInclude Include="Source\dspFilterButterworth.h">
      <Filter>Source</Filter>
    </ClInclude>
    <ClInclude Include="Source\dspFilterAlphaSS.h">
      <Filter>Source</Filter>
    </ClInclude>
  </ItemGroup>
</Project>