
Microsoft Visual Studio Solution File, Format Version 12.00
# Visual Studio 2013
VisualStudioVersion = 12.0.31101.0
MinimumVisualStudioVersion = 10.0.40219.1
Project("{8BC9CEB8-8B4A-11D0-8D11-00A0C91BC942}") = "Test", "Test\Test.vcxproj", "{CAE77CCE-F1ED-4596-913A-975EA3C7BCB8}"
EndProject
Project("{8BC9CEB8-8B4A-11D0-8D11-00A0C91BC942}") = "PulseAnalyzer", "PulseAnalyzer\PulseAnalyzer.vcxproj", "{6E716A6F-792D-4891-BFF7-D5F9934C0751}"
EndProject
Project("{FAE04EC0-301F-11D3-BF4B-00C04F79EFBC}") = "RisLib_CS", "RisLib_CS\RisLib_CS.csproj", "{98AF090C-880A-45ED-9BDD-F9D0BDAEF0F9}"
EndProject
Project("{FAE04EC0-301F-11D3-BF4B-00C04F79EFBC}") = "Test_CS", "Test_CS\Test_CS.csproj", "{146EB71D-EFD5-46E9-8523-80FF0CFBC5DB}"
EndProject
Global
	GlobalSection(SolutionConfigurationPlatforms) = preSolution
		Debug|Any CPU = Debug|Any CPU
		Debug|Mixed Platforms = Debug|Mixed Platforms
		Debug|Win32 = Debug|Win32
		Debug|x64 = Debug|x64
		Release|Any CPU = Release|Any CPU
		Release|Mixed Platforms = Release|Mixed Platforms
		Release|Win32 = Release|Win32
		Release|x64 = Release|x64
	EndGlobalSection
	GlobalSection(ProjectConfigurationPlatforms) = postSolution
		{CAE77CCE-F1ED-4596-913A-975EA3C7BCB8}.Debug|Any CPU.ActiveCfg = Debug|Win32
		{CAE77CCE-F1ED-4596-913A-975EA3C7BCB8}.Debug|Mixed Platforms.ActiveCfg = Debug|Win32
		{CAE77CCE-F1ED-4596-913A-975EA3C7BCB8}.Debug|Mixed Platforms.Build.0 = Debug|Win32
		{CAE77CCE-F1ED-4596-913A-975EA3C7BCB8}.Debug|Win32.ActiveCfg = Debug|Win32
		{CAE77CCE-F1ED-4596-913A-975EA3C7BCB8}.Debug|Win32.Build.0 = Debug|Win32
		{CAE77CCE-F1ED-4596-913A-975EA3C7BCB8}.Debug|x64.ActiveCfg = Debug|x64
		{CAE77CCE-F1ED-4596-913A-975EA3C7BCB8}.Debug|x64.Build.0 = Debug|x64
		{CAE77CCE-F1ED-4596-913A-975EA3C7BCB8}.Release|Any CPU.ActiveCfg = Release|Win32
		{CAE77CCE-F1ED-4596-913A-975EA3C7BCB8}.Release|Mixed Platforms.ActiveCfg = Release|Win32
		{CAE77CCE-F1ED-4596-913A-975EA3C7BCB8}.Release|Mixed Platforms.Build.0 = Release|Win32
		{CAE77CCE-F1ED-4596-913A-975EA3C7BCB8}.Release|Win32.ActiveCfg = Release|Win32
		{CAE77CCE-F1ED-4596-913A-975EA3C7BCB8}.Release|Win32.Build.0 = Release|Win32
		{CAE77CCE-F1ED-4596-913A-975EA3C7BCB8}.Release|x64.ActiveCfg = Release|x64
		{CAE77CCE-F1ED-4596-913A-975EA3C7BCB8}.Release|x64.Build.0 = Release|x64
		{6E716A6F-792D-4891-BFF7-D5F9934C0751}.Debug|Any CPU.ActiveCfg = Debug|Win32
		{6E716A6F-792D-4891-BFF7-D5F9934C0751}.Debug|Mixed Platforms.ActiveCfg = Debug|Win32
		{6E716A6F-792D-4891-BFF7-D5F9934C0751}.Debug|Mixed Platforms.Build.0 = Debug|Win32
		{6E716A6F-792D-4891-BFF7-D5F9934C0751}.Debug|Win32.ActiveCfg = Debug|Win32
		{6E716A6F-792D-4891-BFF7-D5F9934C0751}.Debug|Win32.Build.0 = Debug|Win32
		{6E716A6F-792D-4891-BFF7-D5F9934C0751}.Debug|x64.ActiveCfg = Debug|x64
		{6E716A6F-792D-4891-BFF7-D5F9934C0751}.Debug|x64.Build.0 = Debug|x64
		{6E716A6F-792D-4891-BFF7-D5F9934C0751}.Release|Any CPU.ActiveCfg = Release|Win32
		{6E716A6F-792D-4891-BFF7-D5F9934C0751}.Release|Mixed Platforms.ActiveCfg = Release|Win32
		{6E716A6F-792D-4891-BFF7-D5F9934C0751}.Release|Mixed Platforms.Build.0 = Release|Win32
		{6E716A6F-792D-4891-BFF7-D5F9934C0751}.Release|Win32.ActiveCfg = Release|Win32
		{6E716A6F-792D-4891-BFF7-D5F9934C0751}.Release|Win32.Build.0 = Release|Win32
		{6E716A6F-792D-4891-BFF7-D5F9934C0751}.Release|x64.ActiveCfg = Release|x64
		{6E716A6F-792D-4891-BFF7-D5F9934C0751}.Release|x64.Build.0 = Release|x64
		{98AF090C-880A-45ED-9BDD-F9D0BDAEF0F9}.Debug|Any CPU.ActiveCfg = Debug|Any CPU
		{98AF090C-880A-45ED-9BDD-F9D0BDAEF0F9}.Debug|Any CPU.Build.0 = Debug|Any CPU
		{98AF090C-880A-45ED-9BDD-F9D0BDAEF0F9}.Debug|Mixed Platforms.ActiveCfg = Debug|Any CPU
		{98AF090C-880A-45ED-9BDD-F9D0BDAEF0F9}.Debug|Mixed Platforms.Build.0 = Debug|Any CPU
		{98AF090C-880A-45ED-9BDD-F9D0BDAEF0F9}.Debug|Win32.ActiveCfg = Debug|Any CPU
		{98AF090C-880A-45ED-9BDD-F9D0BDAEF0F9}.Debug|x64.ActiveCfg = Debug|Any CPU
		{98AF090C-880A-45ED-9BDD-F9D0BDAEF0F9}.Release|Any CPU.ActiveCfg = Release|Any CPU
		{98AF090C-880A-45ED-9BDD-F9D0BDAEF0F9}.Release|Any CPU.Build.0 = Release|Any CPU
		{98AF090C-880A-45ED-9BDD-F9D0BDAEF0F9}.Release|Mixed Platforms.ActiveCfg = Release|Any CPU
		{98AF090C-880A-45ED-9BDD-F9D0BDAEF0F9}.Release|Mixed Platforms.Build.0 = Release|Any CPU
		{98AF090C-880A-45ED-9BDD-F9D0BDAEF0F9}.Release|Win32.ActiveCfg = Release|Any CPU
		{98AF090C-880A-45ED-9BDD-F9D0BDAEF0F9}.Release|x64.ActiveCfg = Release|Any CPU
		{146EB71D-EFD5-46E9-8523-80FF0CFBC5DB}.Debug|Any CPU.ActiveCfg = Debug|Any CPU
		{146EB71D-EFD5-46E9-8523-80FF0CFBC5DB}.Debug|Any CPU.Build.0 = Debug|Any CPU
		{146EB71D-EFD5-46E9-8523-80FF0CFBC5DB}.Debug|Mixed Platforms.ActiveCfg = Debug|Any CPU
		{146EB71D-EFD5-46E9-8523-80FF0CFBC5DB}.Debug|Mixed Platforms.Build.0 = Debug|Any CPU
		{146EB71D-EFD5-46E9-8523-80FF0CFBC5DB}.Debug|Win32.ActiveCfg = Debug|Any CPU
		{146EB71D-EFD5-46E9-8523-80FF0CFBC5DB}.Debug|x64.ActiveCfg = Debug|Any CPU
		{146EB71D-EFD5-46E9-8523-80FF0CFBC5DB}.Release|Any CPU.ActiveCfg = Release|Any CPU
		{146EB71D-EFD5-46E9-8523-80FF0CFBC5DB}.Release|Any CPU.Build.0 = Release|Any CPU
		{146EB71D-EFD5-46E9-8523-80FF0CFBC5DB}.Release|Mixed Platforms.ActiveCfg = Release|Any CPU
		{146EB71D-EFD5-46E9-8523-80FF0CFBC5DB}.Release|Mixed Platforms.Build.0 = Release|Any CPU
		{146EB71D-EFD5-46E9-8523-80FF0CFBC5DB}.Release|Win32.ActiveCfg = Release|Any CPU
		{146EB71D-EFD5-46E9-8523-80FF0CFBC5DB}.Release|x64.ActiveCfg = Release|Any CPU
	EndGlobalSection
	GlobalSection(SolutionProperties) = preSolution
		HideSolutionNode = FALSE
	EndGlobalSection
EndGlobal
