
Microsoft Visual Studio Solution File, Format Version 12.00
# Visual Studio 14
VisualStudioVersion = 14.0.25420.1
MinimumVisualStudioVersion = 10.0.40219.1
Project("{8BC9CEB8-8B4A-11D0-8D11-00A0C91BC942}") = "Test", "Test\Test.vcxproj", "{CAE77CCE-F1ED-4596-913A-975EA3C7BCB8}"
EndProject
Project("{8BC9CEB8-8B4A-11D0-8D11-00A0C91BC942}") = "PulseAnalyzer", "PulseAnalyzer\PulseAnalyzer.vcxproj", "{6E716A6F-792D-4891-BFF7-D5F9934C0751}"
EndProject
Project("{8BC9CEB8-8B4A-11D0-8D11-00A0C91BC942}") = "PulseGenerator", "PulseGenerator\PulseGenerator.vcxproj", "{BC5B49AF-014E-4329-98F3-105BDA16B934}"
EndProject
Project("{8BC9CEB8-8B4A-11D0-8D11-00A0C91BC942}") = "DspLib", "DspLib\DspLib.vcxproj", "{3C982FD1-5ABE-4C1F-B7E6-114F3A7617F2}"
EndProject
Project("{8BC9CEB8-8B4A-11D0-8D11-00A0C91BC942}") = "FilterTest", "FilterTest\FilterTest.vcxproj", "{07887E20-BCDF-443C-A98B-C4C796AE7240}"
EndProject
Project("{8BC9CEB8-8B4A-11D0-8D11-00A0C91BC942}") = "Statistics", "Statistics\Statistics.vcxproj", "{806C5C77-0A92-44FE-A0AB-9B05FCBB04D2}"
EndProject
Project("{8BC9CEB8-8B4A-11D0-8D11-00A0C91BC942}") = "LutTest", "LutTest\LutTest.vcxproj", "{EAF0F775-3BAB-47E6-B741-EE0FE4F6AA65}"
EndProject
Project("{8BC9CEB8-8B4A-11D0-8D11-00A0C91BC942}") = "RVectorTest", "RVectorTest\RVectorTest.vcxproj", "{B9C26569-D4B6-4CB6-8B04-81E3CFC562F3}"
EndProject
Project("{8BC9CEB8-8B4A-11D0-8D11-00A0C91BC942}") = "FileTest", "FileTest\FileTest.vcxproj", "{D2FAE3CA-0CB3-4EE7-856D-649FF9C32648}"
EndProject
Project("{8BC9CEB8-8B4A-11D0-8D11-00A0C91BC942}") = "AlphaTest", "AlphaTest\AlphaTest.vcxproj", "{E3E51A5D-B5D3-4E7F-BD6D-DF80B288C942}"
EndProject
Project("{8BC9CEB8-8B4A-11D0-8D11-00A0C91BC942}") = "FreqDetector", "FreqDetector\FreqDetector.vcxproj", "{6BA504DC-B798-467E-B787-B9AC45244EE2}"
EndProject
Project("{8BC9CEB8-8B4A-11D0-8D11-00A0C91BC942}") = "Integrate", "Integrate\Integrate.vcxproj", "{EDAAB6DD-8705-48F8-86CE-6C52B4A3D387}"
EndProject
Project("{8BC9CEB8-8B4A-11D0-8D11-00A0C91BC942}") = "SignalSourceTest", "SignalSourceTest\SignalSourceTest.vcxproj", "{9864F00F-ED0F-4F1B-83CF-A7ADC3BD53E0}"
EndProject
Project("{8BC9CEB8-8B4A-11D0-8D11-00A0C91BC942}") = "ThreeVector", "ThreeVector\ThreeVector.vcxproj", "{BE6EB81D-2C58-45DC-9F4F-F908291FA1FC}"
EndProject
Project("{8BC9CEB8-8B4A-11D0-8D11-00A0C91BC942}") = "RandomMotion", "RandomMotion\RandomMotion.vcxproj", "{D34A3639-9CCF-46F1-911E-28FB7EA7B925}"
EndProject
Project("{2150E333-8FDC-42A3-9474-1A3956D46DE8}") = "Files", "Files", "{058D0B03-84D9-42AC-8B38-1F665BE13EDD}"
	ProjectSection(SolutionItems) = preProject
		Files\FilterCo.txt = Files\FilterCo.txt
		Files\History_Parms.txt = Files\History_Parms.txt
		Files\RandomMotion_Parms.txt = Files\RandomMotion_Parms.txt
	EndProjectSection
EndProject
Project("{8BC9CEB8-8B4A-11D0-8D11-00A0C91BC942}") = "Butterworth", "Butterworth\Butterworth.vcxproj", "{646835A9-405E-4D4E-A5B5-155B780211C1}"
EndProject
Project("{8BC9CEB8-8B4A-11D0-8D11-00A0C91BC942}") = "SignalHistoryTest", "SignalHistoryTest\SignalHistoryTest.vcxproj", "{78329633-7706-43D7-A1B8-4314D41374AA}"
EndProject
Global
	GlobalSection(SolutionConfigurationPlatforms) = preSolution
		Debug|Any CPU = Debug|Any CPU
		Debug|Mixed Platforms = Debug|Mixed Platforms
		Debug|Win32 = Debug|Win32
		Debug|x64 = Debug|x64
		Release|Any CPU = Release|Any CPU
		Release|Mixed Platforms = Release|Mixed Platforms
		Release|Win32 = Release|Win32
		Release|x64 = Release|x64
	EndGlobalSection
	GlobalSection(ProjectConfigurationPlatforms) = postSolution
		{CAE77CCE-F1ED-4596-913A-975EA3C7BCB8}.Debug|Any CPU.ActiveCfg = Debug|Win32
		{CAE77CCE-F1ED-4596-913A-975EA3C7BCB8}.Debug|Mixed Platforms.ActiveCfg = Debug|Win32
		{CAE77CCE-F1ED-4596-913A-975EA3C7BCB8}.Debug|Mixed Platforms.Build.0 = Debug|Win32
		{CAE77CCE-F1ED-4596-913A-975EA3C7BCB8}.Debug|Win32.ActiveCfg = Debug|Win32
		{CAE77CCE-F1ED-4596-913A-975EA3C7BCB8}.Debug|Win32.Build.0 = Debug|Win32
		{CAE77CCE-F1ED-4596-913A-975EA3C7BCB8}.Debug|x64.ActiveCfg = Debug|x64
		{CAE77CCE-F1ED-4596-913A-975EA3C7BCB8}.Debug|x64.Build.0 = Debug|x64
		{CAE77CCE-F1ED-4596-913A-975EA3C7BCB8}.Release|Any CPU.ActiveCfg = Release|Win32
		{CAE77CCE-F1ED-4596-913A-975EA3C7BCB8}.Release|Mixed Platforms.ActiveCfg = Release|Win32
		{CAE77CCE-F1ED-4596-913A-975EA3C7BCB8}.Release|Mixed Platforms.Build.0 = Release|Win32
		{CAE77CCE-F1ED-4596-913A-975EA3C7BCB8}.Release|Win32.ActiveCfg = Release|Win32
		{CAE77CCE-F1ED-4596-913A-975EA3C7BCB8}.Release|Win32.Build.0 = Release|Win32
		{CAE77CCE-F1ED-4596-913A-975EA3C7BCB8}.Release|x64.ActiveCfg = Release|x64
		{CAE77CCE-F1ED-4596-913A-975EA3C7BCB8}.Release|x64.Build.0 = Release|x64
		{6E716A6F-792D-4891-BFF7-D5F9934C0751}.Debug|Any CPU.ActiveCfg = Debug|Win32
		{6E716A6F-792D-4891-BFF7-D5F9934C0751}.Debug|Mixed Platforms.ActiveCfg = Debug|Win32
		{6E716A6F-792D-4891-BFF7-D5F9934C0751}.Debug|Mixed Platforms.Build.0 = Debug|Win32
		{6E716A6F-792D-4891-BFF7-D5F9934C0751}.Debug|Win32.ActiveCfg = Debug|Win32
		{6E716A6F-792D-4891-BFF7-D5F9934C0751}.Debug|Win32.Build.0 = Debug|Win32
		{6E716A6F-792D-4891-BFF7-D5F9934C0751}.Debug|x64.ActiveCfg = Debug|x64
		{6E716A6F-792D-4891-BFF7-D5F9934C0751}.Debug|x64.Build.0 = Debug|x64
		{6E716A6F-792D-4891-BFF7-D5F9934C0751}.Release|Any CPU.ActiveCfg = Release|Win32
		{6E716A6F-792D-4891-BFF7-D5F9934C0751}.Release|Mixed Platforms.ActiveCfg = Release|Win32
		{6E716A6F-792D-4891-BFF7-D5F9934C0751}.Release|Mixed Platforms.Build.0 = Release|Win32
		{6E716A6F-792D-4891-BFF7-D5F9934C0751}.Release|Win32.ActiveCfg = Release|Win32
		{6E716A6F-792D-4891-BFF7-D5F9934C0751}.Release|Win32.Build.0 = Release|Win32
		{6E716A6F-792D-4891-BFF7-D5F9934C0751}.Release|x64.ActiveCfg = Release|x64
		{6E716A6F-792D-4891-BFF7-D5F9934C0751}.Release|x64.Build.0 = Release|x64
		{BC5B49AF-014E-4329-98F3-105BDA16B934}.Debug|Any CPU.ActiveCfg = Debug|Win32
		{BC5B49AF-014E-4329-98F3-105BDA16B934}.Debug|Mixed Platforms.ActiveCfg = Debug|Win32
		{BC5B49AF-014E-4329-98F3-105BDA16B934}.Debug|Mixed Platforms.Build.0 = Debug|Win32
		{BC5B49AF-014E-4329-98F3-105BDA16B934}.Debug|Win32.ActiveCfg = Debug|Win32
		{BC5B49AF-014E-4329-98F3-105BDA16B934}.Debug|Win32.Build.0 = Debug|Win32
		{BC5B49AF-014E-4329-98F3-105BDA16B934}.Debug|x64.ActiveCfg = Debug|x64
		{BC5B49AF-014E-4329-98F3-105BDA16B934}.Debug|x64.Build.0 = Debug|x64
		{BC5B49AF-014E-4329-98F3-105BDA16B934}.Release|Any CPU.ActiveCfg = Release|Win32
		{BC5B49AF-014E-4329-98F3-105BDA16B934}.Release|Mixed Platforms.ActiveCfg = Release|Win32
		{BC5B49AF-014E-4329-98F3-105BDA16B934}.Release|Mixed Platforms.Build.0 = Release|Win32
		{BC5B49AF-014E-4329-98F3-105BDA16B934}.Release|Win32.ActiveCfg = Release|Win32
		{BC5B49AF-014E-4329-98F3-105BDA16B934}.Release|Win32.Build.0 = Release|Win32
		{BC5B49AF-014E-4329-98F3-105BDA16B934}.Release|x64.ActiveCfg = Release|x64
		{BC5B49AF-014E-4329-98F3-105BDA16B934}.Release|x64.Build.0 = Release|x64
		{3C982FD1-5ABE-4C1F-B7E6-114F3A7617F2}.Debug|Any CPU.ActiveCfg = Debug|Win32
		{3C982FD1-5ABE-4C1F-B7E6-114F3A7617F2}.Debug|Mixed Platforms.ActiveCfg = Debug|Win32
		{3C982FD1-5ABE-4C1F-B7E6-114F3A7617F2}.Debug|Mixed Platforms.Build.0 = Debug|Win32
		{3C982FD1-5ABE-4C1F-B7E6-114F3A7617F2}.Debug|Win32.ActiveCfg = Debug|Win32
		{3C982FD1-5ABE-4C1F-B7E6-114F3A7617F2}.Debug|Win32.Build.0 = Debug|Win32
		{3C982FD1-5ABE-4C1F-B7E6-114F3A7617F2}.Debug|x64.ActiveCfg = Debug|x64
		{3C982FD1-5ABE-4C1F-B7E6-114F3A7617F2}.Debug|x64.Build.0 = Debug|x64
		{3C982FD1-5ABE-4C1F-B7E6-114F3A7617F2}.Release|Any CPU.ActiveCfg = Release|Win32
		{3C982FD1-5ABE-4C1F-B7E6-114F3A7617F2}.Release|Mixed Platforms.ActiveCfg = Release|Win32
		{3C982FD1-5ABE-4C1F-B7E6-114F3A7617F2}.Release|Mixed Platforms.Build.0 = Release|Win32
		{3C982FD1-5ABE-4C1F-B7E6-114F3A7617F2}.Release|Win32.ActiveCfg = Release|Win32
		{3C982FD1-5ABE-4C1F-B7E6-114F3A7617F2}.Release|Win32.Build.0 = Release|Win32
		{3C982FD1-5ABE-4C1F-B7E6-114F3A7617F2}.Release|x64.ActiveCfg = Release|x64
		{3C982FD1-5ABE-4C1F-B7E6-114F3A7617F2}.Release|x64.Build.0 = Release|x64
		{07887E20-BCDF-443C-A98B-C4C796AE7240}.Debug|Any CPU.ActiveCfg = Debug|Win32
		{07887E20-BCDF-443C-A98B-C4C796AE7240}.Debug|Mixed Platforms.ActiveCfg = Debug|Win32
		{07887E20-BCDF-443C-A98B-C4C796AE7240}.Debug|Mixed Platforms.Build.0 = Debug|Win32
		{07887E20-BCDF-443C-A98B-C4C796AE7240}.Debug|Win32.ActiveCfg = Debug|Win32
		{07887E20-BCDF-443C-A98B-C4C796AE7240}.Debug|Win32.Build.0 = Debug|Win32
		{07887E20-BCDF-443C-A98B-C4C796AE7240}.Debug|x64.ActiveCfg = Debug|x64
		{07887E20-BCDF-443C-A98B-C4C796AE7240}.Debug|x64.Build.0 = Debug|x64
		{07887E20-BCDF-443C-A98B-C4C796AE7240}.Release|Any CPU.ActiveCfg = Release|Win32
		{07887E20-BCDF-443C-A98B-C4C796AE7240}.Release|Mixed Platforms.ActiveCfg = Release|Win32
		{07887E20-BCDF-443C-A98B-C4C796AE7240}.Release|Mixed Platforms.Build.0 = Release|Win32
		{07887E20-BCDF-443C-A98B-C4C796AE7240}.Release|Win32.ActiveCfg = Release|Win32
		{07887E20-BCDF-443C-A98B-C4C796AE7240}.Release|Win32.Build.0 = Release|Win32
		{07887E20-BCDF-443C-A98B-C4C796AE7240}.Release|x64.ActiveCfg = Release|x64
		{07887E20-BCDF-443C-A98B-C4C796AE7240}.Release|x64.Build.0 = Release|x64
		{806C5C77-0A92-44FE-A0AB-9B05FCBB04D2}.Debug|Any CPU.ActiveCfg = Debug|Win32
		{806C5C77-0A92-44FE-A0AB-9B05FCBB04D2}.Debug|Mixed Platforms.ActiveCfg = Debug|Win32
		{806C5C77-0A92-44FE-A0AB-9B05FCBB04D2}.Debug|Mixed Platforms.Build.0 = Debug|Win32
		{806C5C77-0A92-44FE-A0AB-9B05FCBB04D2}.Debug|Win32.ActiveCfg = Debug|Win32
		{806C5C77-0A92-44FE-A0AB-9B05FCBB04D2}.Debug|Win32.Build.0 = Debug|Win32
		{806C5C77-0A92-44FE-A0AB-9B05FCBB04D2}.Debug|x64.ActiveCfg = Debug|x64
		{806C5C77-0A92-44FE-A0AB-9B05FCBB04D2}.Debug|x64.Build.0 = Debug|x64
		{806C5C77-0A92-44FE-A0AB-9B05FCBB04D2}.Release|Any CPU.ActiveCfg = Release|Win32
		{806C5C77-0A92-44FE-A0AB-9B05FCBB04D2}.Release|Mixed Platforms.ActiveCfg = Release|Win32
		{806C5C77-0A92-44FE-A0AB-9B05FCBB04D2}.Release|Mixed Platforms.Build.0 = Release|Win32
		{806C5C77-0A92-44FE-A0AB-9B05FCBB04D2}.Release|Win32.ActiveCfg = Release|Win32
		{806C5C77-0A92-44FE-A0AB-9B05FCBB04D2}.Release|Win32.Build.0 = Release|Win32
		{806C5C77-0A92-44FE-A0AB-9B05FCBB04D2}.Release|x64.ActiveCfg = Release|x64
		{806C5C77-0A92-44FE-A0AB-9B05FCBB04D2}.Release|x64.Build.0 = Release|x64
		{EAF0F775-3BAB-47E6-B741-EE0FE4F6AA65}.Debug|Any CPU.ActiveCfg = Debug|Win32
		{EAF0F775-3BAB-47E6-B741-EE0FE4F6AA65}.Debug|Mixed Platforms.ActiveCfg = Debug|Win32
		{EAF0F775-3BAB-47E6-B741-EE0FE4F6AA65}.Debug|Mixed Platforms.Build.0 = Debug|Win32
		{EAF0F775-3BAB-47E6-B741-EE0FE4F6AA65}.Debug|Win32.ActiveCfg = Debug|Win32
		{EAF0F775-3BAB-47E6-B741-EE0FE4F6AA65}.Debug|Win32.Build.0 = Debug|Win32
		{EAF0F775-3BAB-47E6-B741-EE0FE4F6AA65}.Debug|x64.ActiveCfg = Debug|x64
		{EAF0F775-3BAB-47E6-B741-EE0FE4F6AA65}.Debug|x64.Build.0 = Debug|x64
		{EAF0F775-3BAB-47E6-B741-EE0FE4F6AA65}.Release|Any CPU.ActiveCfg = Release|Win32
		{EAF0F775-3BAB-47E6-B741-EE0FE4F6AA65}.Release|Mixed Platforms.ActiveCfg = Release|Win32
		{EAF0F775-3BAB-47E6-B741-EE0FE4F6AA65}.Release|Mixed Platforms.Build.0 = Release|Win32
		{EAF0F775-3BAB-47E6-B741-EE0FE4F6AA65}.Release|Win32.ActiveCfg = Release|Win32
		{EAF0F775-3BAB-47E6-B741-EE0FE4F6AA65}.Release|Win32.Build.0 = Release|Win32
		{EAF0F775-3BAB-47E6-B741-EE0FE4F6AA65}.Release|x64.ActiveCfg = Release|x64
		{EAF0F775-3BAB-47E6-B741-EE0FE4F6AA65}.Release|x64.Build.0 = Release|x64
		{B9C26569-D4B6-4CB6-8B04-81E3CFC562F3}.Debug|Any CPU.ActiveCfg = Debug|Win32
		{B9C26569-D4B6-4CB6-8B04-81E3CFC562F3}.Debug|Mixed Platforms.ActiveCfg = Debug|Win32
		{B9C26569-D4B6-4CB6-8B04-81E3CFC562F3}.Debug|Mixed Platforms.Build.0 = Debug|Win32
		{B9C26569-D4B6-4CB6-8B04-81E3CFC562F3}.Debug|Win32.ActiveCfg = Debug|Win32
		{B9C26569-D4B6-4CB6-8B04-81E3CFC562F3}.Debug|Win32.Build.0 = Debug|Win32
		{B9C26569-D4B6-4CB6-8B04-81E3CFC562F3}.Debug|x64.ActiveCfg = Debug|x64
		{B9C26569-D4B6-4CB6-8B04-81E3CFC562F3}.Debug|x64.Build.0 = Debug|x64
		{B9C26569-D4B6-4CB6-8B04-81E3CFC562F3}.Release|Any CPU.ActiveCfg = Release|Win32
		{B9C26569-D4B6-4CB6-8B04-81E3CFC562F3}.Release|Mixed Platforms.ActiveCfg = Release|Win32
		{B9C26569-D4B6-4CB6-8B04-81E3CFC562F3}.Release|Mixed Platforms.Build.0 = Release|Win32
		{B9C26569-D4B6-4CB6-8B04-81E3CFC562F3}.Release|Win32.ActiveCfg = Release|Win32
		{B9C26569-D4B6-4CB6-8B04-81E3CFC562F3}.Release|Win32.Build.0 = Release|Win32
		{B9C26569-D4B6-4CB6-8B04-81E3CFC562F3}.Release|x64.ActiveCfg = Release|x64
		{B9C26569-D4B6-4CB6-8B04-81E3CFC562F3}.Release|x64.Build.0 = Release|x64
		{D2FAE3CA-0CB3-4EE7-856D-649FF9C32648}.Debug|Any CPU.ActiveCfg = Debug|Win32
		{D2FAE3CA-0CB3-4EE7-856D-649FF9C32648}.Debug|Mixed Platforms.ActiveCfg = Debug|Win32
		{D2FAE3CA-0CB3-4EE7-856D-649FF9C32648}.Debug|Mixed Platforms.Build.0 = Debug|Win32
		{D2FAE3CA-0CB3-4EE7-856D-649FF9C32648}.Debug|Win32.ActiveCfg = Debug|Win32
		{D2FAE3CA-0CB3-4EE7-856D-649FF9C32648}.Debug|Win32.Build.0 = Debug|Win32
		{D2FAE3CA-0CB3-4EE7-856D-649FF9C32648}.Debug|x64.ActiveCfg = Debug|x64
		{D2FAE3CA-0CB3-4EE7-856D-649FF9C32648}.Debug|x64.Build.0 = Debug|x64
		{D2FAE3CA-0CB3-4EE7-856D-649FF9C32648}.Release|Any CPU.ActiveCfg = Release|Win32
		{D2FAE3CA-0CB3-4EE7-856D-649FF9C32648}.Release|Mixed Platforms.ActiveCfg = Release|Win32
		{D2FAE3CA-0CB3-4EE7-856D-649FF9C32648}.Release|Mixed Platforms.Build.0 = Release|Win32
		{D2FAE3CA-0CB3-4EE7-856D-649FF9C32648}.Release|Win32.ActiveCfg = Release|Win32
		{D2FAE3CA-0CB3-4EE7-856D-649FF9C32648}.Release|Win32.Build.0 = Release|Win32
		{D2FAE3CA-0CB3-4EE7-856D-649FF9C32648}.Release|x64.ActiveCfg = Release|x64
		{D2FAE3CA-0CB3-4EE7-856D-649FF9C32648}.Release|x64.Build.0 = Release|x64
		{E3E51A5D-B5D3-4E7F-BD6D-DF80B288C942}.Debug|Any CPU.ActiveCfg = Debug|Win32
		{E3E51A5D-B5D3-4E7F-BD6D-DF80B288C942}.Debug|Mixed Platforms.ActiveCfg = Debug|Win32
		{E3E51A5D-B5D3-4E7F-BD6D-DF80B288C942}.Debug|Mixed Platforms.Build.0 = Debug|Win32
		{E3E51A5D-B5D3-4E7F-BD6D-DF80B288C942}.Debug|Win32.ActiveCfg = Debug|Win32
		{E3E51A5D-B5D3-4E7F-BD6D-DF80B288C942}.Debug|Win32.Build.0 = Debug|Win32
		{E3E51A5D-B5D3-4E7F-BD6D-DF80B288C942}.Debug|x64.ActiveCfg = Debug|x64
		{E3E51A5D-B5D3-4E7F-BD6D-DF80B288C942}.Debug|x64.Build.0 = Debug|x64
		{E3E51A5D-B5D3-4E7F-BD6D-DF80B288C942}.Release|Any CPU.ActiveCfg = Release|Win32
		{E3E51A5D-B5D3-4E7F-BD6D-DF80B288C942}.Release|Mixed Platforms.ActiveCfg = Release|Win32
		{E3E51A5D-B5D3-4E7F-BD6D-DF80B288C942}.Release|Mixed Platforms.Build.0 = Release|Win32
		{E3E51A5D-B5D3-4E7F-BD6D-DF80B288C942}.Release|Win32.ActiveCfg = Release|Win32
		{E3E51A5D-B5D3-4E7F-BD6D-DF80B288C942}.Release|Win32.Build.0 = Release|Win32
		{E3E51A5D-B5D3-4E7F-BD6D-DF80B288C942}.Release|x64.ActiveCfg = Release|x64
		{E3E51A5D-B5D3-4E7F-BD6D-DF80B288C942}.Release|x64.Build.0 = Release|x64
		{6BA504DC-B798-467E-B787-B9AC45244EE2}.Debug|Any CPU.ActiveCfg = Debug|Win32
		{6BA504DC-B798-467E-B787-B9AC45244EE2}.Debug|Mixed Platforms.ActiveCfg = Debug|Win32
		{6BA504DC-B798-467E-B787-B9AC45244EE2}.Debug|Mixed Platforms.Build.0 = Debug|Win32
		{6BA504DC-B798-467E-B787-B9AC45244EE2}.Debug|Win32.ActiveCfg = Debug|Win32
		{6BA504DC-B798-467E-B787-B9AC45244EE2}.Debug|Win32.Build.0 = Debug|Win32
		{6BA504DC-B798-467E-B787-B9AC45244EE2}.Debug|x64.ActiveCfg = Debug|x64
		{6BA504DC-B798-467E-B787-B9AC45244EE2}.Debug|x64.Build.0 = Debug|x64
		{6BA504DC-B798-467E-B787-B9AC45244EE2}.Release|Any CPU.ActiveCfg = Release|Win32
		{6BA504DC-B798-467E-B787-B9AC45244EE2}.Release|Mixed Platforms.ActiveCfg = Release|Win32
		{6BA504DC-B798-467E-B787-B9AC45244EE2}.Release|Mixed Platforms.Build.0 = Release|Win32
		{6BA504DC-B798-467E-B787-B9AC45244EE2}.Release|Win32.ActiveCfg = Release|Win32
		{6BA504DC-B798-467E-B787-B9AC45244EE2}.Release|Win32.Build.0 = Release|Win32
		{6BA504DC-B798-467E-B787-B9AC45244EE2}.Release|x64.ActiveCfg = Release|x64
		{6BA504DC-B798-467E-B787-B9AC45244EE2}.Release|x64.Build.0 = Release|x64
		{EDAAB6DD-8705-48F8-86CE-6C52B4A3D387}.Debug|Any CPU.ActiveCfg = Debug|Win32
		{EDAAB6DD-8705-48F8-86CE-6C52B4A3D387}.Debug|Mixed Platforms.ActiveCfg = Debug|Win32
		{EDAAB6DD-8705-48F8-86CE-6C52B4A3D387}.Debug|Mixed Platforms.Build.0 = Debug|Win32
		{EDAAB6DD-8705-48F8-86CE-6C52B4A3D387}.Debug|Win32.ActiveCfg = Debug|Win32
		{EDAAB6DD-8705-48F8-86CE-6C52B4A3D387}.Debug|Win32.Build.0 = Debug|Win32
		{EDAAB6DD-8705-48F8-86CE-6C52B4A3D387}.Debug|x64.ActiveCfg = Debug|x64
		{EDAAB6DD-8705-48F8-86CE-6C52B4A3D387}.Debug|x64.Build.0 = Debug|x64
		{EDAAB6DD-8705-48F8-86CE-6C52B4A3D387}.Release|Any CPU.ActiveCfg = Release|Win32
		{EDAAB6DD-8705-48F8-86CE-6C52B4A3D387}.Release|Mixed Platforms.ActiveCfg = Release|Win32
		{EDAAB6DD-8705-48F8-86CE-6C52B4A3D387}.Release|Mixed Platforms.Build.0 = Release|Win32
		{EDAAB6DD-8705-48F8-86CE-6C52B4A3D387}.Release|Win32.ActiveCfg = Release|Win32
		{EDAAB6DD-8705-48F8-86CE-6C52B4A3D387}.Release|Win32.Build.0 = Release|Win32
		{EDAAB6DD-8705-48F8-86CE-6C52B4A3D387}.Release|x64.ActiveCfg = Release|x64
		{EDAAB6DD-8705-48F8-86CE-6C52B4A3D387}.Release|x64.Build.0 = Release|x64
		{9864F00F-ED0F-4F1B-83CF-A7ADC3BD53E0}.Debug|Any CPU.ActiveCfg = Debug|Win32
		{9864F00F-ED0F-4F1B-83CF-A7ADC3BD53E0}.Debug|Mixed Platforms.ActiveCfg = Debug|Win32
		{9864F00F-ED0F-4F1B-83CF-A7ADC3BD53E0}.Debug|Mixed Platforms.Build.0 = Debug|Win32
		{9864F00F-ED0F-4F1B-83CF-A7ADC3BD53E0}.Debug|Win32.ActiveCfg = Debug|Win32
		{9864F00F-ED0F-4F1B-83CF-A7ADC3BD53E0}.Debug|Win32.Build.0 = Debug|Win32
		{9864F00F-ED0F-4F1B-83CF-A7ADC3BD53E0}.Debug|x64.ActiveCfg = Debug|x64
		{9864F00F-ED0F-4F1B-83CF-A7ADC3BD53E0}.Debug|x64.Build.0 = Debug|x64
		{9864F00F-ED0F-4F1B-83CF-A7ADC3BD53E0}.Release|Any CPU.ActiveCfg = Release|Win32
		{9864F00F-ED0F-4F1B-83CF-A7ADC3BD53E0}.Release|Mixed Platforms.ActiveCfg = Release|Win32
		{9864F00F-ED0F-4F1B-83CF-A7ADC3BD53E0}.Release|Mixed Platforms.Build.0 = Release|Win32
		{9864F00F-ED0F-4F1B-83CF-A7ADC3BD53E0}.Release|Win32.ActiveCfg = Release|Win32
		{9864F00F-ED0F-4F1B-83CF-A7ADC3BD53E0}.Release|Win32.Build.0 = Release|Win32
		{9864F00F-ED0F-4F1B-83CF-A7ADC3BD53E0}.Release|x64.ActiveCfg = Release|x64
		{9864F00F-ED0F-4F1B-83CF-A7ADC3BD53E0}.Release|x64.Build.0 = Release|x64
		{BE6EB81D-2C58-45DC-9F4F-F908291FA1FC}.Debug|Any CPU.ActiveCfg = Debug|Win32
		{BE6EB81D-2C58-45DC-9F4F-F908291FA1FC}.Debug|Mixed Platforms.ActiveCfg = Debug|Win32
		{BE6EB81D-2C58-45DC-9F4F-F908291FA1FC}.Debug|Mixed Platforms.Build.0 = Debug|Win32
		{BE6EB81D-2C58-45DC-9F4F-F908291FA1FC}.Debug|Win32.ActiveCfg = Debug|Win32
		{BE6EB81D-2C58-45DC-9F4F-F908291FA1FC}.Debug|Win32.Build.0 = Debug|Win32
		{BE6EB81D-2C58-45DC-9F4F-F908291FA1FC}.Debug|x64.ActiveCfg = Debug|x64
		{BE6EB81D-2C58-45DC-9F4F-F908291FA1FC}.Debug|x64.Build.0 = Debug|x64
		{BE6EB81D-2C58-45DC-9F4F-F908291FA1FC}.Release|Any CPU.ActiveCfg = Release|Win32
		{BE6EB81D-2C58-45DC-9F4F-F908291FA1FC}.Release|Mixed Platforms.ActiveCfg = Release|Win32
		{BE6EB81D-2C58-45DC-9F4F-F908291FA1FC}.Release|Mixed Platforms.Build.0 = Release|Win32
		{BE6EB81D-2C58-45DC-9F4F-F908291FA1FC}.Release|Win32.ActiveCfg = Release|Win32
		{BE6EB81D-2C58-45DC-9F4F-F908291FA1FC}.Release|Win32.Build.0 = Release|Win32
		{BE6EB81D-2C58-45DC-9F4F-F908291FA1FC}.Release|x64.ActiveCfg = Release|x64
		{BE6EB81D-2C58-45DC-9F4F-F908291FA1FC}.Release|x64.Build.0 = Release|x64
		{D34A3639-9CCF-46F1-911E-28FB7EA7B925}.Debug|Any CPU.ActiveCfg = Debug|Win32
		{D34A3639-9CCF-46F1-911E-28FB7EA7B925}.Debug|Mixed Platforms.ActiveCfg = Debug|Win32
		{D34A3639-9CCF-46F1-911E-28FB7EA7B925}.Debug|Mixed Platforms.Build.0 = Debug|Win32
		{D34A3639-9CCF-46F1-911E-28FB7EA7B925}.Debug|Win32.ActiveCfg = Debug|Win32
		{D34A3639-9CCF-46F1-911E-28FB7EA7B925}.Debug|Win32.Build.0 = Debug|Win32
		{D34A3639-9CCF-46F1-911E-28FB7EA7B925}.Debug|x64.ActiveCfg = Debug|x64
		{D34A3639-9CCF-46F1-911E-28FB7EA7B925}.Debug|x64.Build.0 = Debug|x64
		{D34A3639-9CCF-46F1-911E-28FB7EA7B925}.Release|Any CPU.ActiveCfg = Release|Win32
		{D34A3639-9CCF-46F1-911E-28FB7EA7B925}.Release|Mixed Platforms.ActiveCfg = Release|Win32
		{D34A3639-9CCF-46F1-911E-28FB7EA7B925}.Release|Mixed Platforms.Build.0 = Release|Win32
		{D34A3639-9CCF-46F1-911E-28FB7EA7B925}.Release|Win32.ActiveCfg = Release|Win32
		{D34A3639-9CCF-46F1-911E-28FB7EA7B925}.Release|Win32.Build.0 = Release|Win32
		{D34A3639-9CCF-46F1-911E-28FB7EA7B925}.Release|x64.ActiveCfg = Release|x64
		{D34A3639-9CCF-46F1-911E-28FB7EA7B925}.Release|x64.Build.0 = Release|x64
		{646835A9-405E-4D4E-A5B5-155B780211C1}.Debug|Any CPU.ActiveCfg = Debug|Win32
		{646835A9-405E-4D4E-A5B5-155B780211C1}.Debug|Mixed Platforms.ActiveCfg = Debug|Win32
		{646835A9-405E-4D4E-A5B5-155B780211C1}.Debug|Mixed Platforms.Build.0 = Debug|Win32
		{646835A9-405E-4D4E-A5B5-155B780211C1}.Debug|Win32.ActiveCfg = Debug|Win32
		{646835A9-405E-4D4E-A5B5-155B780211C1}.Debug|Win32.Build.0 = Debug|Win32
		{646835A9-405E-4D4E-A5B5-155B780211C1}.Debug|x64.ActiveCfg = Debug|x64
		{646835A9-405E-4D4E-A5B5-155B780211C1}.Debug|x64.Build.0 = Debug|x64
		{646835A9-405E-4D4E-A5B5-155B780211C1}.Release|Any CPU.ActiveCfg = Release|Win32
		{646835A9-405E-4D4E-A5B5-155B780211C1}.Release|Mixed Platforms.ActiveCfg = Release|Win32
		{646835A9-405E-4D4E-A5B5-155B780211C1}.Release|Mixed Platforms.Build.0 = Release|Win32
		{646835A9-405E-4D4E-A5B5-155B780211C1}.Release|Win32.ActiveCfg = Release|Win32
		{646835A9-405E-4D4E-A5B5-155B780211C1}.Release|Win32.Build.0 = Release|Win32
		{646835A9-405E-4D4E-A5B5-155B780211C1}.Release|x64.ActiveCfg = Release|x64
		{646835A9-405E-4D4E-A5B5-155B780211C1}.Release|x64.Build.0 = Release|x64
		{78329633-7706-43D7-A1B8-4314D41374AA}.Debug|Any CPU.ActiveCfg = Debug|Win32
		{78329633-7706-43D7-A1B8-4314D41374AA}.Debug|Mixed Platforms.ActiveCfg = Debug|Win32
		{78329633-7706-43D7-A1B8-4314D41374AA}.Debug|Mixed Platforms.Build.0 = Debug|Win32
		{78329633-7706-43D7-A1B8-4314D41374AA}.Debug|Win32.ActiveCfg = Debug|Win32
		{78329633-7706-43D7-A1B8-4314D41374AA}.Debug|Win32.Build.0 = Debug|Win32
		{78329633-7706-43D7-A1B8-4314D41374AA}.Debug|x64.ActiveCfg = Debug|x64
		{78329633-7706-43D7-A1B8-4314D41374AA}.Debug|x64.Build.0 = Debug|x64
		{78329633-7706-43D7-A1B8-4314D41374AA}.Release|Any CPU.ActiveCfg = Release|Win32
		{78329633-7706-43D7-A1B8-4314D41374AA}.Release|Mixed Platforms.ActiveCfg = Release|Win32
		{78329633-7706-43D7-A1B8-4314D41374AA}.Release|Mixed Platforms.Build.0 = Release|Win32
		{78329633-7706-43D7-A1B8-4314D41374AA}.Release|Win32.ActiveCfg = Release|Win32
		{78329633-7706-43D7-A1B8-4314D41374AA}.Release|Win32.Build.0 = Release|Win32
		{78329633-7706-43D7-A1B8-4314D41374AA}.Release|x64.ActiveCfg = Release|x64
		{78329633-7706-43D7-A1B8-4314D41374AA}.Release|x64.Build.0 = Release|x64
	EndGlobalSection
	GlobalSection(SolutionProperties) = preSolution
		HideSolutionNode = FALSE
	EndGlobalSection
EndGlobal
