
Microsoft Visual Studio Solution File, Format Version 12.00
# Visual Studio 2013
VisualStudioVersion = 12.0.31101.0
MinimumVisualStudioVersion = 10.0.40219.1
Project("{8BC9CEB8-8B4A-11D0-8D11-00A0C91BC942}") = "Test", "Test\Test.vcxproj", "{CAE77CCE-F1ED-4596-913A-975EA3C7BCB8}"
EndProject
Project("{8BC9CEB8-8B4A-11D0-8D11-00A0C91BC942}") = "PulseAnalyzer", "PulseAnalyzer\PulseAnalyzer.vcxproj", "{6E716A6F-792D-4891-BFF7-D5F9934C0751}"
EndProject
Project("{8BC9CEB8-8B4A-11D0-8D11-00A0C91BC942}") = "PulseGenerator", "PulseGenerator\PulseGenerator.vcxproj", "{BC5B49AF-014E-4329-98F3-105BDA16B934}"
EndProject
Project("{8BC9CEB8-8B4A-11D0-8D11-00A0C91BC942}") = "DspLib", "DspLib\DspLib.vcxproj", "{3C982FD1-5ABE-4C1F-B7E6-114F3A7617F2}"
EndProject
Project("{8BC9CEB8-8B4A-11D0-8D11-00A0C91BC942}") = "FilterTest", "FilterTest\FilterTest.vcxproj", "{07887E20-BCDF-443C-A98B-C4C796AE7240}"
EndProject
Project("{8BC9CEB8-8B4A-11D0-8D11-00A0C91BC942}") = "Statistics", "Statistics\Statistics.vcxproj", "{806C5C77-0A92-44FE-A0AB-9B05FCBB04D2}"
EndProject
Global
	GlobalSection(SolutionConfigurationPlatforms) = preSolution
		Debug|Any CPU = Debug|Any CPU
		Debug|Mixed Platforms = Debug|Mixed Platforms
		Debug|Win32 = Debug|Win32
		Debug|x64 = Debug|x64
		Release|Any CPU = Release|Any CPU
		Release|Mixed Platforms = Release|Mixed Platforms
		Release|Win32 = Release|Win32
		Release|x64 = Release|x64
	EndGlobalSection
	GlobalSection(ProjectConfigurationPlatforms) = postSolution
		{CAE77CCE-F1ED-4596-913A-975EA3C7BCB8}.Debug|Any CPU.ActiveCfg = Debug|Win32
		{CAE77CCE-F1ED-4596-913A-975EA3C7BCB8}.Debug|Mixed Platforms.ActiveCfg = Debug|Win32
		{CAE77CCE-F1ED-4596-913A-975EA3C7BCB8}.Debug|Mixed Platforms.Build.0 = Debug|Win32
		{CAE77CCE-F1ED-4596-913A-975EA3C7BCB8}.Debug|Win32.ActiveCfg = Debug|Win32
		{CAE77CCE-F1ED-4596-913A-975EA3C7BCB8}.Debug|Win32.Build.0 = Debug|Win32
		{CAE77CCE-F1ED-4596-913A-975EA3C7BCB8}.Debug|x64.ActiveCfg = Debug|x64
		{CAE77CCE-F1ED-4596-913A-975EA3C7BCB8}.Debug|x64.Build.0 = Debug|x64
		{CAE77CCE-F1ED-4596-913A-975EA3C7BCB8}.Release|Any CPU.ActiveCfg = Release|Win32
		{CAE77CCE-F1ED-4596-913A-975EA3C7BCB8}.Release|Mixed Platforms.ActiveCfg = Release|Win32
		{CAE77CCE-F1ED-4596-913A-975EA3C7BCB8}.Release|Mixed Platforms.Build.0 = Release|Win32
		{CAE77CCE-F1ED-4596-913A-975EA3C7BCB8}.Release|Win32.ActiveCfg = Release|Win32
		{CAE77CCE-F1ED-4596-913A-975EA3C7BCB8}.Release|Win32.Build.0 = Release|Win32
		{CAE77CCE-F1ED-4596-913A-975EA3C7BCB8}.Release|x64.ActiveCfg = Release|x64
		{CAE77CCE-F1ED-4596-913A-975EA3C7BCB8}.Release|x64.Build.0 = Release|x64
		{6E716A6F-792D-4891-BFF7-D5F9934C0751}.Debug|Any CPU.ActiveCfg = Debug|Win32
		{6E716A6F-792D-4891-BFF7-D5F9934C0751}.Debug|Mixed Platforms.ActiveCfg = Debug|Win32
		{6E716A6F-792D-4891-BFF7-D5F9934C0751}.Debug|Mixed Platforms.Build.0 = Debug|Win32
		{6E716A6F-792D-4891-BFF7-D5F9934C0751}.Debug|Win32.ActiveCfg = Debug|Win32
		{6E716A6F-792D-4891-BFF7-D5F9934C0751}.Debug|Win32.Build.0 = Debug|Win32
		{6E716A6F-792D-4891-BFF7-D5F9934C0751}.Debug|x64.ActiveCfg = Debug|x64
		{6E716A6F-792D-4891-BFF7-D5F9934C0751}.Debug|x64.Build.0 = Debug|x64
		{6E716A6F-792D-4891-BFF7-D5F9934C0751}.Release|Any CPU.ActiveCfg = Release|Win32
		{6E716A6F-792D-4891-BFF7-D5F9934C0751}.Release|Mixed Platforms.ActiveCfg = Release|Win32
		{6E716A6F-792D-4891-BFF7-D5F9934C0751}.Release|Mixed Platforms.Build.0 = Release|Win32
		{6E716A6F-792D-4891-BFF7-D5F9934C0751}.Release|Win32.ActiveCfg = Release|Win32
		{6E716A6F-792D-4891-BFF7-D5F9934C0751}.Release|Win32.Build.0 = Release|Win32
		{6E716A6F-792D-4891-BFF7-D5F9934C0751}.Release|x64.ActiveCfg = Release|x64
		{6E716A6F-792D-4891-BFF7-D5F9934C0751}.Release|x64.Build.0 = Release|x64
		{BC5B49AF-014E-4329-98F3-105BDA16B934}.Debug|Any CPU.ActiveCfg = Debug|Win32
		{BC5B49AF-014E-4329-98F3-105BDA16B934}.Debug|Mixed Platforms.ActiveCfg = Debug|Win32
		{BC5B49AF-014E-4329-98F3-105BDA16B934}.Debug|Mixed Platforms.Build.0 = Debug|Win32
		{BC5B49AF-014E-4329-98F3-105BDA16B934}.Debug|Win32.ActiveCfg = Debug|Win32
		{BC5B49AF-014E-4329-98F3-105BDA16B934}.Debug|Win32.Build.0 = Debug|Win32
		{BC5B49AF-014E-4329-98F3-105BDA16B934}.Debug|x64.ActiveCfg = Debug|x64
		{BC5B49AF-014E-4329-98F3-105BDA16B934}.Debug|x64.Build.0 = Debug|x64
		{BC5B49AF-014E-4329-98F3-105BDA16B934}.Release|Any CPU.ActiveCfg = Release|Win32
		{BC5B49AF-014E-4329-98F3-105BDA16B934}.Release|Mixed Platforms.ActiveCfg = Release|Win32
		{BC5B49AF-014E-4329-98F3-105BDA16B934}.Release|Mixed Platforms.Build.0 = Release|Win32
		{BC5B49AF-014E-4329-98F3-105BDA16B934}.Release|Win32.ActiveCfg = Release|Win32
		{BC5B49AF-014E-4329-98F3-105BDA16B934}.Release|Win32.Build.0 = Release|Win32
		{BC5B49AF-014E-4329-98F3-105BDA16B934}.Release|x64.ActiveCfg = Release|x64
		{BC5B49AF-014E-4329-98F3-105BDA16B934}.Release|x64.Build.0 = Release|x64
		{3C982FD1-5ABE-4C1F-B7E6-114F3A7617F2}.Debug|Any CPU.ActiveCfg = Debug|Win32
		{3C982FD1-5ABE-4C1F-B7E6-114F3A7617F2}.Debug|Mixed Platforms.ActiveCfg = Debug|Win32
		{3C982FD1-5ABE-4C1F-B7E6-114F3A7617F2}.Debug|Mixed Platforms.Build.0 = Debug|Win32
		{3C982FD1-5ABE-4C1F-B7E6-114F3A7617F2}.Debug|Win32.ActiveCfg = Debug|Win32
		{3C982FD1-5ABE-4C1F-B7E6-114F3A7617F2}.Debug|Win32.Build.0 = Debug|Win32
		{3C982FD1-5ABE-4C1F-B7E6-114F3A7617F2}.Debug|x64.ActiveCfg = Debug|x64
		{3C982FD1-5ABE-4C1F-B7E6-114F3A7617F2}.Debug|x64.Build.0 = Debug|x64
		{3C982FD1-5ABE-4C1F-B7E6-114F3A7617F2}.Release|Any CPU.ActiveCfg = Release|Win32
		{3C982FD1-5ABE-4C1F-B7E6-114F3A7617F2}.Release|Mixed Platforms.ActiveCfg = Release|Win32
		{3C982FD1-5ABE-4C1F-B7E6-114F3A7617F2}.Release|Mixed Platforms.Build.0 = Release|Win32
		{3C982FD1-5ABE-4C1F-B7E6-114F3A7617F2}.Release|Win32.ActiveCfg = Release|Win32
		{3C982FD1-5ABE-4C1F-B7E6-114F3A7617F2}.Release|Win32.Build.0 = Release|Win32
		{3C982FD1-5ABE-4C1F-B7E6-114F3A7617F2}.Release|x64.ActiveCfg = Release|x64
		{3C982FD1-5ABE-4C1F-B7E6-114F3A7617F2}.Release|x64.Build.0 = Release|x64
		{07887E20-BCDF-443C-A98B-C4C796AE7240}.Debug|Any CPU.ActiveCfg = Debug|Win32
		{07887E20-BCDF-443C-A98B-C4C796AE7240}.Debug|Mixed Platforms.ActiveCfg = Debug|Win32
		{07887E20-BCDF-443C-A98B-C4C796AE7240}.Debug|Mixed Platforms.Build.0 = Debug|Win32
		{07887E20-BCDF-443C-A98B-C4C796AE7240}.Debug|Win32.ActiveCfg = Debug|Win32
		{07887E20-BCDF-443C-A98B-C4C796AE7240}.Debug|Win32.Build.0 = Debug|Win32
		{07887E20-BCDF-443C-A98B-C4C796AE7240}.Debug|x64.ActiveCfg = Debug|x64
		{07887E20-BCDF-443C-A98B-C4C796AE7240}.Debug|x64.Build.0 = Debug|x64
		{07887E20-BCDF-443C-A98B-C4C796AE7240}.Release|Any CPU.ActiveCfg = Release|Win32
		{07887E20-BCDF-443C-A98B-C4C796AE7240}.Release|Mixed Platforms.ActiveCfg = Release|Win32
		{07887E20-BCDF-443C-A98B-C4C796AE7240}.Release|Mixed Platforms.Build.0 = Release|Win32
		{07887E20-BCDF-443C-A98B-C4C796AE7240}.Release|Win32.ActiveCfg = Release|Win32
		{07887E20-BCDF-443C-A98B-C4C796AE7240}.Release|Win32.Build.0 = Release|Win32
		{07887E20-BCDF-443C-A98B-C4C796AE7240}.Release|x64.ActiveCfg = Release|x64
		{07887E20-BCDF-443C-A98B-C4C796AE7240}.Release|x64.Build.0 = Release|x64
		{806C5C77-0A92-44FE-A0AB-9B05FCBB04D2}.Debug|Any CPU.ActiveCfg = Debug|Win32
		{806C5C77-0A92-44FE-A0AB-9B05FCBB04D2}.Debug|Mixed Platforms.ActiveCfg = Debug|Win32
		{806C5C77-0A92-44FE-A0AB-9B05FCBB04D2}.Debug|Mixed Platforms.Build.0 = Debug|Win32
		{806C5C77-0A92-44FE-A0AB-9B05FCBB04D2}.Debug|Win32.ActiveCfg = Debug|Win32
		{806C5C77-0A92-44FE-A0AB-9B05FCBB04D2}.Debug|Win32.Build.0 = Debug|Win32
		{806C5C77-0A92-44FE-A0AB-9B05FCBB04D2}.Debug|x64.ActiveCfg = Debug|x64
		{806C5C77-0A92-44FE-A0AB-9B05FCBB04D2}.Debug|x64.Build.0 = Debug|x64
		{806C5C77-0A92-44FE-A0AB-9B05FCBB04D2}.Release|Any CPU.ActiveCfg = Release|Win32
		{806C5C77-0A92-44FE-A0AB-9B05FCBB04D2}.Release|Mixed Platforms.ActiveCfg = Release|Win32
		{806C5C77-0A92-44FE-A0AB-9B05FCBB04D2}.Release|Mixed Platforms.Build.0 = Release|Win32
		{806C5C77-0A92-44FE-A0AB-9B05FCBB04D2}.Release|Win32.ActiveCfg = Release|Win32
		{806C5C77-0A92-44FE-A0AB-9B05FCBB04D2}.Release|Win32.Build.0 = Release|Win32
		{806C5C77-0A92-44FE-A0AB-9B05FCBB04D2}.Release|x64.ActiveCfg = Release|x64
		{806C5C77-0A92-44FE-A0AB-9B05FCBB04D2}.Release|x64.Build.0 = Release|x64
	EndGlobalSection
	GlobalSection(SolutionProperties) = preSolution
		HideSolutionNode = FALSE
	EndGlobalSection
EndGlobal
